
Microsoft Visual Studio Solution File, Format Version 12.00
# Visual Studio Version 16
VisualStudioVersion = 16.0.30517.126
MinimumVisualStudioVersion = 10.0.40219.1
Project("{FAE04EC0-301F-11D3-BF4B-00C04F79EFBC}") = "Ejercicio1", "Ejercicio1\Ejercicio1.csproj", "{ECA8ED31-D928-4E5D-8C99-52AD67ACF418}"
EndProject
Project("{FAE04EC0-301F-11D3-BF4B-00C04F79EFBC}") = "Ejercicio1Cliente", "Ejercicio1Cliente\Ejercicio1Cliente.csproj", "{D7EBE01A-01C8-476F-B2AD-A33C5CAE75DC}"
EndProject
Global
	GlobalSection(SolutionConfigurationPlatforms) = preSolution
		Debug|Any CPU = Debug|Any CPU
		Release|Any CPU = Release|Any CPU
	EndGlobalSection
	GlobalSection(ProjectConfigurationPlatforms) = postSolution
		{ECA8ED31-D928-4E5D-8C99-52AD67ACF418}.Debug|Any CPU.ActiveCfg = Debug|Any CPU
		{ECA8ED31-D928-4E5D-8C99-52AD67ACF418}.Debug|Any CPU.Build.0 = Debug|Any CPU
		{ECA8ED31-D928-4E5D-8C99-52AD67ACF418}.Release|Any CPU.ActiveCfg = Release|Any CPU
		{ECA8ED31-D928-4E5D-8C99-52AD67ACF418}.Release|Any CPU.Build.0 = Release|Any CPU
		{D7EBE01A-01C8-476F-B2AD-A33C5CAE75DC}.Debug|Any CPU.ActiveCfg = Debug|Any CPU
		{D7EBE01A-01C8-476F-B2AD-A33C5CAE75DC}.Debug|Any CPU.Build.0 = Debug|Any CPU
		{D7EBE01A-01C8-476F-B2AD-A33C5CAE75DC}.Release|Any CPU.ActiveCfg = Release|Any CPU
		{D7EBE01A-01C8-476F-B2AD-A33C5CAE75DC}.Release|Any CPU.Build.0 = Release|Any CPU
	EndGlobalSection
	GlobalSection(SolutionProperties) = preSolution
		HideSolutionNode = FALSE
	EndGlobalSection
	GlobalSection(ExtensibilityGlobals) = postSolution
		SolutionGuid = {DB4B4DBF-CEDD-40DC-851A-F2A78CCE20C6}
	EndGlobalSection
EndGlobal
